
Microsoft Visual Studio Solution File, Format Version 12.00
# Visual Studio Version 16
VisualStudioVersion = 16.0.29519.181
MinimumVisualStudioVersion = 10.0.40219.1
Project("{FAE04EC0-301F-11D3-BF4B-00C04F79EFBC}") = "Bottalino", "Bottalino\Bottalino.csproj", "{020AB7B3-A214-40ED-B14D-6F57F353DFA4}"
EndProject
Project("{FAE04EC0-301F-11D3-BF4B-00C04F79EFBC}") = "BottalinoNUnitTest", "BottalinoNUnitTest\BottalinoNUnitTest.csproj", "{5345B32C-A4CC-42EA-85C0-C5F45E7EF9CB}"
EndProject
Global
	GlobalSection(SolutionConfigurationPlatforms) = preSolution
		Debug|Any CPU = Debug|Any CPU
		Release|Any CPU = Release|Any CPU
	EndGlobalSection
	GlobalSection(ProjectConfigurationPlatforms) = postSolution
		{020AB7B3-A214-40ED-B14D-6F57F353DFA4}.Debug|Any CPU.ActiveCfg = Debug|Any CPU
		{020AB7B3-A214-40ED-B14D-6F57F353DFA4}.Debug|Any CPU.Build.0 = Debug|Any CPU
		{020AB7B3-A214-40ED-B14D-6F57F353DFA4}.Release|Any CPU.ActiveCfg = Release|Any CPU
		{020AB7B3-A214-40ED-B14D-6F57F353DFA4}.Release|Any CPU.Build.0 = Release|Any CPU
		{5345B32C-A4CC-42EA-85C0-C5F45E7EF9CB}.Debug|Any CPU.ActiveCfg = Debug|Any CPU
		{5345B32C-A4CC-42EA-85C0-C5F45E7EF9CB}.Debug|Any CPU.Build.0 = Debug|Any CPU
		{5345B32C-A4CC-42EA-85C0-C5F45E7EF9CB}.Release|Any CPU.ActiveCfg = Release|Any CPU
		{5345B32C-A4CC-42EA-85C0-C5F45E7EF9CB}.Release|Any CPU.Build.0 = Release|Any CPU
	EndGlobalSection
	GlobalSection(SolutionProperties) = preSolution
		HideSolutionNode = FALSE
	EndGlobalSection
	GlobalSection(ExtensibilityGlobals) = postSolution
		SolutionGuid = {8E471D32-19CB-4DEA-996B-6668B9AD9F84}
	EndGlobalSection
EndGlobal
